// !$*UTF8*$!
{
	archiveVersion = 1;
	classes = {
	};
	objectVersion = 46;
	objects = {

/* Begin PBXBuildFile section */
		1D80D7D41B19079A00EA724A /* Utils.m in Sources */ = {isa = PBXBuildFile; fileRef = 1D80D7D31B19079A00EA724A /* Utils.m */; };
		1D80D7D81B194EDF00EA724A /* ImageViewController.m in Sources */ = {isa = PBXBuildFile; fileRef = 1D80D7D71B194EDF00EA724A /* ImageViewController.m */; };
		1DBEC4541B2CA6B600B6FF0F /* DDCoreDataHelper.m in Sources */ = {isa = PBXBuildFile; fileRef = 1DBEC4531B2CA6B600B6FF0F /* DDCoreDataHelper.m */; };
		1DF7C8AF1B13B1E200529494 /* main.m in Sources */ = {isa = PBXBuildFile; fileRef = 1DF7C8AE1B13B1E200529494 /* main.m */; };
		1DF7C8B21B13B1E200529494 /* AppDelegate.m in Sources */ = {isa = PBXBuildFile; fileRef = 1DF7C8B11B13B1E200529494 /* AppDelegate.m */; };
		1DF7C8B81B13B1E200529494 /* ListViewController.m in Sources */ = {isa = PBXBuildFile; fileRef = 1DF7C8B71B13B1E200529494 /* ListViewController.m */; };
		1DF7C8BB1B13B1E200529494 /* Main.storyboard in Resources */ = {isa = PBXBuildFile; fileRef = 1DF7C8B91B13B1E200529494 /* Main.storyboard */; };
		1DF7C8BD1B13B1E200529494 /* Images.xcassets in Resources */ = {isa = PBXBuildFile; fileRef = 1DF7C8BC1B13B1E200529494 /* Images.xcassets */; };
		1DF7C8C01B13B1E200529494 /* LaunchScreen.xib in Resources */ = {isa = PBXBuildFile; fileRef = 1DF7C8BE1B13B1E200529494 /* LaunchScreen.xib */; };
		1DF7C8D71B13B9CA00529494 /* CustomCell.m in Sources */ = {isa = PBXBuildFile; fileRef = 1DF7C8D61B13B9CA00529494 /* CustomCell.m */; };
		1DF7C8E61B13F93100529494 /* DetailsViewController.m in Sources */ = {isa = PBXBuildFile; fileRef = 1DF7C8E51B13F93100529494 /* DetailsViewController.m */; };
		1DF7C8EA1B1405E100529494 /* Model.xcdatamodeld in Sources */ = {isa = PBXBuildFile; fileRef = 1DF7C8E81B1405E100529494 /* Model.xcdatamodeld */; };
/* End PBXBuildFile section */

/* Begin PBXFileReference section */
		1D80D7D21B19079A00EA724A /* Utils.h */ = {isa = PBXFileReference; fileEncoding = 4; lastKnownFileType = sourcecode.c.h; name = Utils.h; path = MyContacts/Utils.h; sourceTree = SOURCE_ROOT; };
		1D80D7D31B19079A00EA724A /* Utils.m */ = {isa = PBXFileReference; fileEncoding = 4; lastKnownFileType = sourcecode.c.objc; name = Utils.m; path = MyContacts/Utils.m; sourceTree = SOURCE_ROOT; };
		1D80D7D61B194EDF00EA724A /* ImageViewController.h */ = {isa = PBXFileReference; fileEncoding = 4; lastKnownFileType = sourcecode.c.h; name = ImageViewController.h; path = MyContacts/ImageViewController.h; sourceTree = SOURCE_ROOT; };
		1D80D7D71B194EDF00EA724A /* ImageViewController.m */ = {isa = PBXFileReference; fileEncoding = 4; lastKnownFileType = sourcecode.c.objc; name = ImageViewController.m; path = MyContacts/ImageViewController.m; sourceTree = SOURCE_ROOT; };
		1DBEC4521B2CA6B600B6FF0F /* DDCoreDataHelper.h */ = {isa = PBXFileReference; fileEncoding = 4; lastKnownFileType = sourcecode.c.h; path = DDCoreDataHelper.h; sourceTree = "<group>"; };
		1DBEC4531B2CA6B600B6FF0F /* DDCoreDataHelper.m */ = {isa = PBXFileReference; fileEncoding = 4; lastKnownFileType = sourcecode.c.objc; path = DDCoreDataHelper.m; sourceTree = "<group>"; };
		1DF7C8A91B13B1E200529494 /* Мои контакты.app */ = {isa = PBXFileReference; explicitFileType = wrapper.application; includeInIndex = 0; path = "Мои контакты.app"; sourceTree = BUILT_PRODUCTS_DIR; };
		1DF7C8AD1B13B1E200529494 /* Info.plist */ = {isa = PBXFileReference; lastKnownFileType = text.plist.xml; path = Info.plist; sourceTree = "<group>"; };
		1DF7C8AE1B13B1E200529494 /* main.m */ = {isa = PBXFileReference; lastKnownFileType = sourcecode.c.objc; path = main.m; sourceTree = "<group>"; };
		1DF7C8B01B13B1E200529494 /* AppDelegate.h */ = {isa = PBXFileReference; lastKnownFileType = sourcecode.c.h; path = AppDelegate.h; sourceTree = "<group>"; };
		1DF7C8B11B13B1E200529494 /* AppDelegate.m */ = {isa = PBXFileReference; lastKnownFileType = sourcecode.c.objc; path = AppDelegate.m; sourceTree = "<group>"; };
		1DF7C8B61B13B1E200529494 /* ListViewController.h */ = {isa = PBXFileReference; lastKnownFileType = sourcecode.c.h; path = ListViewController.h; sourceTree = "<group>"; };
		1DF7C8B71B13B1E200529494 /* ListViewController.m */ = {isa = PBXFileReference; lastKnownFileType = sourcecode.c.objc; path = ListViewController.m; sourceTree = "<group>"; };
		1DF7C8BA1B13B1E200529494 /* Base */ = {isa = PBXFileReference; lastKnownFileType = file.storyboard; name = Base; path = Base.lproj/Main.storyboard; sourceTree = "<group>"; };
		1DF7C8BC1B13B1E200529494 /* Images.xcassets */ = {isa = PBXFileReference; lastKnownFileType = folder.assetcatalog; path = Images.xcassets; sourceTree = "<group>"; };
		1DF7C8BF1B13B1E200529494 /* Base */ = {isa = PBXFileReference; lastKnownFileType = file.xib; name = Base; path = Base.lproj/LaunchScreen.xib; sourceTree = "<group>"; };
		1DF7C8D51B13B9CA00529494 /* CustomCell.h */ = {isa = PBXFileReference; fileEncoding = 4; lastKnownFileType = sourcecode.c.h; path = CustomCell.h; sourceTree = "<group>"; };
		1DF7C8D61B13B9CA00529494 /* CustomCell.m */ = {isa = PBXFileReference; fileEncoding = 4; lastKnownFileType = sourcecode.c.objc; path = CustomCell.m; sourceTree = "<group>"; };
		1DF7C8DC1B13C1D200529494 /* AppConstants.h */ = {isa = PBXFileReference; lastKnownFileType = sourcecode.c.h; path = AppConstants.h; sourceTree = "<group>"; };
		1DF7C8E41B13F93100529494 /* DetailsViewController.h */ = {isa = PBXFileReference; fileEncoding = 4; lastKnownFileType = sourcecode.c.h; path = DetailsViewController.h; sourceTree = "<group>"; };
		1DF7C8E51B13F93100529494 /* DetailsViewController.m */ = {isa = PBXFileReference; fileEncoding = 4; lastKnownFileType = sourcecode.c.objc; path = DetailsViewController.m; sourceTree = "<group>"; };
		1DF7C8E91B1405E100529494 /* Model.xcdatamodel */ = {isa = PBXFileReference; lastKnownFileType = wrapper.xcdatamodel; path = Model.xcdatamodel; sourceTree = "<group>"; };
/* End PBXFileReference section */

/* Begin PBXFrameworksBuildPhase section */
		1DF7C8A61B13B1E200529494 /* Frameworks */ = {
			isa = PBXFrameworksBuildPhase;
			buildActionMask = 2147483647;
			files = (
			);
			runOnlyForDeploymentPostprocessing = 0;
		};
/* End PBXFrameworksBuildPhase section */

/* Begin PBXGroup section */
		1D80D7D91B194EF500EA724A /* ImageViewController */ = {
			isa = PBXGroup;
			children = (
				1D80D7D61B194EDF00EA724A /* ImageViewController.h */,
				1D80D7D71B194EDF00EA724A /* ImageViewController.m */,
			);
			name = ImageViewController;
			sourceTree = "<group>";
		};
		1D80D7DA1B194F1600EA724A /* Utils */ = {
			isa = PBXGroup;
			children = (
				1D80D7D21B19079A00EA724A /* Utils.h */,
				1D80D7D31B19079A00EA724A /* Utils.m */,
			);
			name = Utils;
			sourceTree = "<group>";
		};
		1DF7C8A01B13B1E200529494 = {
			isa = PBXGroup;
			children = (
				1DF7C8AB1B13B1E200529494 /* myContacts */,
				1DF7C8AA1B13B1E200529494 /* Products */,
			);
			sourceTree = "<group>";
		};
		1DF7C8AA1B13B1E200529494 /* Products */ = {
			isa = PBXGroup;
			children = (
				1DF7C8A91B13B1E200529494 /* Мои контакты.app */,
			);
			name = Products;
			sourceTree = "<group>";
		};
		1DF7C8AB1B13B1E200529494 /* myContacts */ = {
			isa = PBXGroup;
			children = (
				1DF7C8DC1B13C1D200529494 /* AppConstants.h */,
				1DF7C8B01B13B1E200529494 /* AppDelegate.h */,
				1DF7C8B11B13B1E200529494 /* AppDelegate.m */,
				1DF7C8E01B13C33100529494 /* CoreDataHelper */,
				1DF7C8D91B13BC0500529494 /* ListViewController */,
				1DF7C8E71B13F93500529494 /* DetailsViewController */,
				1D80D7D91B194EF500EA724A /* ImageViewController */,
				1D80D7DA1B194F1600EA724A /* Utils */,
				1DF7C8B91B13B1E200529494 /* Main.storyboard */,
				1DF7C8E81B1405E100529494 /* Model.xcdatamodeld */,
				1DF7C8BC1B13B1E200529494 /* Images.xcassets */,
				1DF7C8AC1B13B1E200529494 /* Supporting Files */,
			);
			path = myContacts;
			sourceTree = "<group>";
		};
		1DF7C8AC1B13B1E200529494 /* Supporting Files */ = {
			isa = PBXGroup;
			children = (
				1DF7C8BE1B13B1E200529494 /* LaunchScreen.xib */,
				1DF7C8AD1B13B1E200529494 /* Info.plist */,
				1DF7C8AE1B13B1E200529494 /* main.m */,
			);
			name = "Supporting Files";
			sourceTree = "<group>";
		};
		1DF7C8D91B13BC0500529494 /* ListViewController */ = {
			isa = PBXGroup;
			children = (
				1DF7C8B61B13B1E200529494 /* ListViewController.h */,
				1DF7C8B71B13B1E200529494 /* ListViewController.m */,
				1DF7C8D51B13B9CA00529494 /* CustomCell.h */,
				1DF7C8D61B13B9CA00529494 /* CustomCell.m */,
			);
			name = ListViewController;
			sourceTree = "<group>";
		};
		1DF7C8E01B13C33100529494 /* CoreDataHelper */ = {
			isa = PBXGroup;
			children = (
				1DBEC4521B2CA6B600B6FF0F /* DDCoreDataHelper.h */,
				1DBEC4531B2CA6B600B6FF0F /* DDCoreDataHelper.m */,
			);
			name = CoreDataHelper;
			sourceTree = "<group>";
		};
		1DF7C8E71B13F93500529494 /* DetailsViewController */ = {
			isa = PBXGroup;
			children = (
				1DF7C8E41B13F93100529494 /* DetailsViewController.h */,
				1DF7C8E51B13F93100529494 /* DetailsViewController.m */,
			);
			name = DetailsViewController;
			sourceTree = "<group>";
		};
/* End PBXGroup section */

/* Begin PBXNativeTarget section */
		1DF7C8A81B13B1E200529494 /* Мои контакты */ = {
			isa = PBXNativeTarget;
			buildConfigurationList = 1DF7C8CF1B13B1E300529494 /* Build configuration list for PBXNativeTarget "Мои контакты" */;
			buildPhases = (
				1DF7C8A51B13B1E200529494 /* Sources */,
				1DF7C8A61B13B1E200529494 /* Frameworks */,
				1DF7C8A71B13B1E200529494 /* Resources */,
			);
			buildRules = (
			);
			dependencies = (
			);
			name = "Мои контакты";
			productName = myContacts;
			productReference = 1DF7C8A91B13B1E200529494 /* Мои контакты.app */;
			productType = "com.apple.product-type.application";
		};
/* End PBXNativeTarget section */

/* Begin PBXProject section */
		1DF7C8A11B13B1E200529494 /* Project object */ = {
			isa = PBXProject;
			attributes = {
				LastUpgradeCheck = 0630;
				ORGANIZATIONNAME = "Dmitriy Dolotenko";
				TargetAttributes = {
					1DF7C8A81B13B1E200529494 = {
						CreatedOnToolsVersion = 6.3.2;
					};
				};
			};
			buildConfigurationList = 1DF7C8A41B13B1E200529494 /* Build configuration list for PBXProject "MyContacts" */;
			compatibilityVersion = "Xcode 3.2";
			developmentRegion = English;
			hasScannedForEncodings = 0;
			knownRegions = (
				en,
				Base,
			);
			mainGroup = 1DF7C8A01B13B1E200529494;
			productRefGroup = 1DF7C8AA1B13B1E200529494 /* Products */;
			projectDirPath = "";
			projectRoot = "";
			targets = (
				1DF7C8A81B13B1E200529494 /* Мои контакты */,
			);
		};
/* End PBXProject section */

/* Begin PBXResourcesBuildPhase section */
		1DF7C8A71B13B1E200529494 /* Resources */ = {
			isa = PBXResourcesBuildPhase;
			buildActionMask = 2147483647;
			files = (
				1DF7C8BB1B13B1E200529494 /* Main.storyboard in Resources */,
				1DF7C8C01B13B1E200529494 /* LaunchScreen.xib in Resources */,
				1DF7C8BD1B13B1E200529494 /* Images.xcassets in Resources */,
			);
			runOnlyForDeploymentPostprocessing = 0;
		};
/* End PBXResourcesBuildPhase section */

/* Begin PBXSourcesBuildPhase section */
		1DF7C8A51B13B1E200529494 /* Sources */ = {
			isa = PBXSourcesBuildPhase;
			buildActionMask = 2147483647;
			files = (
				1DF7C8B21B13B1E200529494 /* AppDelegate.m in Sources */,
				1DF7C8D71B13B9CA00529494 /* CustomCell.m in Sources */,
				1D80D7D41B19079A00EA724A /* Utils.m in Sources */,
				1DF7C8EA1B1405E100529494 /* Model.xcdatamodeld in Sources */,
				1DF7C8E61B13F93100529494 /* DetailsViewController.m in Sources */,
				1DBEC4541B2CA6B600B6FF0F /* DDCoreDataHelper.m in Sources */,
				1D80D7D81B194EDF00EA724A /* ImageViewController.m in Sources */,
				1DF7C8B81B13B1E200529494 /* ListViewController.m in Sources */,
				1DF7C8AF1B13B1E200529494 /* main.m in Sources */,
			);
			runOnlyForDeploymentPostprocessing = 0;
		};
/* End PBXSourcesBuildPhase section */

/* Begin PBXVariantGroup section */
		1DF7C8B91B13B1E200529494 /* Main.storyboard */ = {
			isa = PBXVariantGroup;
			children = (
				1DF7C8BA1B13B1E200529494 /* Base */,
			);
			name = Main.storyboard;
			sourceTree = "<group>";
		};
		1DF7C8BE1B13B1E200529494 /* LaunchScreen.xib */ = {
			isa = PBXVariantGroup;
			children = (
				1DF7C8BF1B13B1E200529494 /* Base */,
			);
			name = LaunchScreen.xib;
			sourceTree = "<group>";
		};
/* End PBXVariantGroup section */

/* Begin XCBuildConfiguration section */
		1DF7C8CD1B13B1E300529494 /* Debug */ = {
			isa = XCBuildConfiguration;
			buildSettings = {
				ALWAYS_SEARCH_USER_PATHS = NO;
				CLANG_CXX_LANGUAGE_STANDARD = "gnu++0x";
				CLANG_CXX_LIBRARY = "libc++";
				CLANG_ENABLE_MODULES = YES;
				CLANG_ENABLE_OBJC_ARC = YES;
				CLANG_WARN_BOOL_CONVERSION = YES;
				CLANG_WARN_CONSTANT_CONVERSION = YES;
				CLANG_WARN_DIRECT_OBJC_ISA_USAGE = YES_ERROR;
				CLANG_WARN_EMPTY_BODY = YES;
				CLANG_WARN_ENUM_CONVERSION = YES;
				CLANG_WARN_INT_CONVERSION = YES;
				CLANG_WARN_OBJC_ROOT_CLASS = YES_ERROR;
				CLANG_WARN_UNREACHABLE_CODE = YES;
				CLANG_WARN__DUPLICATE_METHOD_MATCH = YES;
				"CODE_SIGN_IDENTITY[sdk=iphoneos*]" = "iPhone Developer";
				COPY_PHASE_STRIP = NO;
				DEBUG_INFORMATION_FORMAT = "dwarf-with-dsym";
				ENABLE_STRICT_OBJC_MSGSEND = YES;
				GCC_C_LANGUAGE_STANDARD = gnu99;
				GCC_DYNAMIC_NO_PIC = NO;
				GCC_NO_COMMON_BLOCKS = YES;
				GCC_OPTIMIZATION_LEVEL = 0;
				GCC_PREPROCESSOR_DEFINITIONS = (
					"DEBUG=1",
					"$(inherited)",
				);
				GCC_SYMBOLS_PRIVATE_EXTERN = NO;
				GCC_WARN_64_TO_32_BIT_CONVERSION = YES;
				GCC_WARN_ABOUT_RETURN_TYPE = YES_ERROR;
				GCC_WARN_UNDECLARED_SELECTOR = YES;
				GCC_WARN_UNINITIALIZED_AUTOS = YES_AGGRESSIVE;
				GCC_WARN_UNUSED_FUNCTION = YES;
				GCC_WARN_UNUSED_VARIABLE = YES;
				IPHONEOS_DEPLOYMENT_TARGET = 8.3;
				MTL_ENABLE_DEBUG_INFO = YES;
				ONLY_ACTIVE_ARCH = YES;
				SDKROOT = iphoneos;
			};
			name = Debug;
		};
		1DF7C8CE1B13B1E300529494 /* Release */ = {
			isa = XCBuildConfiguration;
			buildSettings = {
				ALWAYS_SEARCH_USER_PATHS = NO;
				CLANG_CXX_LANGUAGE_STANDARD = "gnu++0x";
				CLANG_CXX_LIBRARY = "libc++";
				CLANG_ENABLE_MODULES = YES;
				CLANG_ENABLE_OBJC_ARC = YES;
				CLANG_WARN_BOOL_CONVERSION = YES;
				CLANG_WARN_CONSTANT_CONVERSION = YES;
				CLANG_WARN_DIRECT_OBJC_ISA_USAGE = YES_ERROR;
				CLANG_WARN_EMPTY_BODY = YES;
				CLANG_WARN_ENUM_CONVERSION = YES;
				CLANG_WARN_INT_CONVERSION = YES;
				CLANG_WARN_OBJC_ROOT_CLASS = YES_ERROR;
				CLANG_WARN_UNREACHABLE_CODE = YES;
				CLANG_WARN__DUPLICATE_METHOD_MATCH = YES;
				"CODE_SIGN_IDENTITY[sdk=iphoneos*]" = "iPhone Developer";
				COPY_PHASE_STRIP = NO;
				DEBUG_INFORMATION_FORMAT = "dwarf-with-dsym";
				ENABLE_NS_ASSERTIONS = NO;
				ENABLE_STRICT_OBJC_MSGSEND = YES;
				GCC_C_LANGUAGE_STANDARD = gnu99;
				GCC_NO_COMMON_BLOCKS = YES;
				GCC_WARN_64_TO_32_BIT_CONVERSION = YES;
				GCC_WARN_ABOUT_RETURN_TYPE = YES_ERROR;
				GCC_WARN_UNDECLARED_SELECTOR = YES;
				GCC_WARN_UNINITIALIZED_AUTOS = YES_AGGRESSIVE;
				GCC_WARN_UNUSED_FUNCTION = YES;
				GCC_WARN_UNUSED_VARIABLE = YES;
				IPHONEOS_DEPLOYMENT_TARGET = 8.3;
				MTL_ENABLE_DEBUG_INFO = NO;
				SDKROOT = iphoneos;
				VALIDATE_PRODUCT = YES;
			};
			name = Release;
		};
		1DF7C8D01B13B1E300529494 /* Debug */ = {
			isa = XCBuildConfiguration;
			buildSettings = {
				ASSETCATALOG_COMPILER_APPICON_NAME = AppIcon;
				INFOPLIST_FILE = myContacts/Info.plist;
				LD_RUNPATH_SEARCH_PATHS = "$(inherited) @executable_path/Frameworks";
				PRODUCT_NAME = "$(TARGET_NAME)";
			};
			name = Debug;
		};
		1DF7C8D11B13B1E300529494 /* Release */ = {
			isa = XCBuildConfiguration;
			buildSettings = {
				ASSETCATALOG_COMPILER_APPICON_NAME = AppIcon;
				INFOPLIST_FILE = myContacts/Info.plist;
				LD_RUNPATH_SEARCH_PATHS = "$(inherited) @executable_path/Frameworks";
				PRODUCT_NAME = "$(TARGET_NAME)";
			};
			name = Release;
		};
/* End XCBuildConfiguration section */

/* Begin XCConfigurationList section */
		1DF7C8A41B13B1E200529494 /* Build configuration list for PBXProject "MyContacts" */ = {
			isa = XCConfigurationList;
			buildConfigurations = (
				1DF7C8CD1B13B1E300529494 /* Debug */,
				1DF7C8CE1B13B1E300529494 /* Release */,
			);
			defaultConfigurationIsVisible = 0;
			defaultConfigurationName = Release;
		};
		1DF7C8CF1B13B1E300529494 /* Build configuration list for PBXNativeTarget "Мои контакты" */ = {
			isa = XCConfigurationList;
			buildConfigurations = (
				1DF7C8D01B13B1E300529494 /* Debug */,
				1DF7C8D11B13B1E300529494 /* Release */,
			);
			defaultConfigurationIsVisible = 0;
			defaultConfigurationName = Release;
		};
/* End XCConfigurationList section */

/* Begin XCVersionGroup section */
		1DF7C8E81B1405E100529494 /* Model.xcdatamodeld */ = {
			isa = XCVersionGroup;
			children = (
				1DF7C8E91B1405E100529494 /* Model.xcdatamodel */,
			);
			currentVersion = 1DF7C8E91B1405E100529494 /* Model.xcdatamodel */;
			path = Model.xcdatamodeld;
			sourceTree = "<group>";
			versionGroupType = wrapper.xcdatamodel;
		};
/* End XCVersionGroup section */
	};
	rootObject = 1DF7C8A11B13B1E200529494 /* Project object */;
}
